
Microsoft Visual Studio Solution File, Format Version 12.00
# Visual Studio Version 17
VisualStudioVersion = 17.4.33205.214
MinimumVisualStudioVersion = 10.0.40219.1
Project("{FAE04EC0-301F-11D3-BF4B-00C04F79EFBC}") = "TaskGrade", "TaskGrade\TaskGrade.csproj", "{AFD7BBDC-9680-477C-A6DF-A4AC3BA758F4}"
EndProject
Project("{FAE04EC0-301F-11D3-BF4B-00C04F79EFBC}") = "TaskGrade.Domain", "TaskGrade.Domain\TaskGrade.Domain.csproj", "{7D7A2EC7-FEF0-4062-AB25-D79B434396C4}"
EndProject
Project("{FAE04EC0-301F-11D3-BF4B-00C04F79EFBC}") = "TaskGrade.Application", "TaskGrade.Application\TaskGrade.Application.csproj", "{A8BF4DB7-AE2B-4E66-90DB-3FD9EEEC938D}"
EndProject
Project("{FAE04EC0-301F-11D3-BF4B-00C04F79EFBC}") = "TaskGrade.Infrastructure", "TaskGrade.Infrastructure\TaskGrade.Infrastructure.csproj", "{F2478C93-9A51-4D9F-9C3B-F170FED8C96D}"
EndProject
Global
	GlobalSection(SolutionConfigurationPlatforms) = preSolution
		Debug|Any CPU = Debug|Any CPU
		Release|Any CPU = Release|Any CPU
	EndGlobalSection
	GlobalSection(ProjectConfigurationPlatforms) = postSolution
		{AFD7BBDC-9680-477C-A6DF-A4AC3BA758F4}.Debug|Any CPU.ActiveCfg = Debug|Any CPU
		{AFD7BBDC-9680-477C-A6DF-A4AC3BA758F4}.Debug|Any CPU.Build.0 = Debug|Any CPU
		{AFD7BBDC-9680-477C-A6DF-A4AC3BA758F4}.Release|Any CPU.ActiveCfg = Release|Any CPU
		{AFD7BBDC-9680-477C-A6DF-A4AC3BA758F4}.Release|Any CPU.Build.0 = Release|Any CPU
		{7D7A2EC7-FEF0-4062-AB25-D79B434396C4}.Debug|Any CPU.ActiveCfg = Debug|Any CPU
		{7D7A2EC7-FEF0-4062-AB25-D79B434396C4}.Debug|Any CPU.Build.0 = Debug|Any CPU
		{7D7A2EC7-FEF0-4062-AB25-D79B434396C4}.Release|Any CPU.ActiveCfg = Release|Any CPU
		{7D7A2EC7-FEF0-4062-AB25-D79B434396C4}.Release|Any CPU.Build.0 = Release|Any CPU
		{A8BF4DB7-AE2B-4E66-90DB-3FD9EEEC938D}.Debug|Any CPU.ActiveCfg = Debug|Any CPU
		{A8BF4DB7-AE2B-4E66-90DB-3FD9EEEC938D}.Debug|Any CPU.Build.0 = Debug|Any CPU
		{A8BF4DB7-AE2B-4E66-90DB-3FD9EEEC938D}.Release|Any CPU.ActiveCfg = Release|Any CPU
		{A8BF4DB7-AE2B-4E66-90DB-3FD9EEEC938D}.Release|Any CPU.Build.0 = Release|Any CPU
		{F2478C93-9A51-4D9F-9C3B-F170FED8C96D}.Debug|Any CPU.ActiveCfg = Debug|Any CPU
		{F2478C93-9A51-4D9F-9C3B-F170FED8C96D}.Debug|Any CPU.Build.0 = Debug|Any CPU
		{F2478C93-9A51-4D9F-9C3B-F170FED8C96D}.Release|Any CPU.ActiveCfg = Release|Any CPU
		{F2478C93-9A51-4D9F-9C3B-F170FED8C96D}.Release|Any CPU.Build.0 = Release|Any CPU
	EndGlobalSection
	GlobalSection(SolutionProperties) = preSolution
		HideSolutionNode = FALSE
	EndGlobalSection
	GlobalSection(ExtensibilityGlobals) = postSolution
		SolutionGuid = {5FA8801B-D3F1-47B0-989B-3385728B1F7A}
	EndGlobalSection
EndGlobal
